// !$*UTF8*$!
{
	archiveVersion = 1;
	classes = {
	};
	objectVersion = 46;
	objects = {

/* Begin PBXBuildFile section */
		FBF4E0091E6E3EC600A4AB1E /* AppDelegate.swift in Sources */ = {isa = PBXBuildFile; fileRef = FBF4E0081E6E3EC600A4AB1E /* AppDelegate.swift */; };
		FBF4E00B1E6E3EC600A4AB1E /* ViewController.swift in Sources */ = {isa = PBXBuildFile; fileRef = FBF4E00A1E6E3EC600A4AB1E /* ViewController.swift */; };
		FBF4E00E1E6E3EC600A4AB1E /* Main.storyboard in Resources */ = {isa = PBXBuildFile; fileRef = FBF4E00C1E6E3EC600A4AB1E /* Main.storyboard */; };
		FBF4E0101E6E3EC600A4AB1E /* Assets.xcassets in Resources */ = {isa = PBXBuildFile; fileRef = FBF4E00F1E6E3EC600A4AB1E /* Assets.xcassets */; };
		FBF4E0131E6E3EC600A4AB1E /* LaunchScreen.storyboard in Resources */ = {isa = PBXBuildFile; fileRef = FBF4E0111E6E3EC600A4AB1E /* LaunchScreen.storyboard */; };
		FBF4E01D1E6E3FFC00A4AB1E /* XView.swift in Sources */ = {isa = PBXBuildFile; fileRef = FBF4E01C1E6E3FFC00A4AB1E /* XView.swift */; };
/* End PBXBuildFile section */

/* Begin PBXFileReference section */
		FBF4E0051E6E3EC600A4AB1E /* Lecture6.app */ = {isa = PBXFileReference; explicitFileType = wrapper.application; includeInIndex = 0; path = Lecture6.app; sourceTree = BUILT_PRODUCTS_DIR; };
		FBF4E0081E6E3EC600A4AB1E /* AppDelegate.swift */ = {isa = PBXFileReference; lastKnownFileType = sourcecode.swift; path = AppDelegate.swift; sourceTree = "<group>"; };
		FBF4E00A1E6E3EC600A4AB1E /* ViewController.swift */ = {isa = PBXFileReference; lastKnownFileType = sourcecode.swift; path = ViewController.swift; sourceTree = "<group>"; };
		FBF4E00D1E6E3EC600A4AB1E /* Base */ = {isa = PBXFileReference; lastKnownFileType = file.storyboard; name = Base; path = Base.lproj/Main.storyboard; sourceTree = "<group>"; };
		FBF4E00F1E6E3EC600A4AB1E /* Assets.xcassets */ = {isa = PBXFileReference; lastKnownFileType = folder.assetcatalog; path = Assets.xcassets; sourceTree = "<group>"; };
		FBF4E0121E6E3EC600A4AB1E /* Base */ = {isa = PBXFileReference; lastKnownFileType = file.storyboard; name = Base; path = Base.lproj/LaunchScreen.storyboard; sourceTree = "<group>"; };
		FBF4E0141E6E3EC600A4AB1E /* Info.plist */ = {isa = PBXFileReference; lastKnownFileType = text.plist.xml; path = Info.plist; sourceTree = "<group>"; };
		FBF4E01C1E6E3FFC00A4AB1E /* XView.swift */ = {isa = PBXFileReference; fileEncoding = 4; lastKnownFileType = sourcecode.swift; path = XView.swift; sourceTree = "<group>"; };
/* End PBXFileReference section */

/* Begin PBXFrameworksBuildPhase section */
		FBF4E0021E6E3EC600A4AB1E /* Frameworks */ = {
			isa = PBXFrameworksBuildPhase;
			buildActionMask = 2147483647;
			files = (
			);
			runOnlyForDeploymentPostprocessing = 0;
		};
/* End PBXFrameworksBuildPhase section */

/* Begin PBXGroup section */
		FBF4DFFC1E6E3EC600A4AB1E = {
			isa = PBXGroup;
			children = (
				FBF4E0071E6E3EC600A4AB1E /* Lecture6 */,
				FBF4E0061E6E3EC600A4AB1E /* Products */,
			);
			sourceTree = "<group>";
		};
		FBF4E0061E6E3EC600A4AB1E /* Products */ = {
			isa = PBXGroup;
			children = (
				FBF4E0051E6E3EC600A4AB1E /* Lecture6.app */,
			);
			name = Products;
			sourceTree = "<group>";
		};
		FBF4E0071E6E3EC600A4AB1E /* Lecture6 */ = {
			isa = PBXGroup;
			children = (
				FBF4E0081E6E3EC600A4AB1E /* AppDelegate.swift */,
				FBF4E00A1E6E3EC600A4AB1E /* ViewController.swift */,
				FBF4E00C1E6E3EC600A4AB1E /* Main.storyboard */,
				FBF4E00F1E6E3EC600A4AB1E /* Assets.xcassets */,
				FBF4E0111E6E3EC600A4AB1E /* LaunchScreen.storyboard */,
				FBF4E0141E6E3EC600A4AB1E /* Info.plist */,
				FBF4E01C1E6E3FFC00A4AB1E /* XView.swift */,
			);
			path = Lecture6;
			sourceTree = "<group>";
		};
/* End PBXGroup section */

/* Begin PBXNativeTarget section */
		FBF4E0041E6E3EC600A4AB1E /* Lecture6 */ = {
			isa = PBXNativeTarget;
			buildConfigurationList = FBF4E0171E6E3EC600A4AB1E /* Build configuration list for PBXNativeTarget "Lecture6" */;
			buildPhases = (
				FBF4E0011E6E3EC600A4AB1E /* Sources */,
				FBF4E0021E6E3EC600A4AB1E /* Frameworks */,
				FBF4E0031E6E3EC600A4AB1E /* Resources */,
			);
			buildRules = (
			);
			dependencies = (
			);
			name = Lecture6;
			productName = Lecture6;
			productReference = FBF4E0051E6E3EC600A4AB1E /* Lecture6.app */;
			productType = "com.apple.product-type.application";
		};
/* End PBXNativeTarget section */

/* Begin PBXProject section */
		FBF4DFFD1E6E3EC600A4AB1E /* Project object */ = {
			isa = PBXProject;
			attributes = {
				LastSwiftUpdateCheck = 0820;
				LastUpgradeCheck = 0820;
				ORGANIZATIONNAME = "Harvard University";
				TargetAttributes = {
					FBF4E0041E6E3EC600A4AB1E = {
						CreatedOnToolsVersion = 8.2.1;
						DevelopmentTeam = NK39MWSLZJ;
						ProvisioningStyle = Automatic;
					};
				};
			};
			buildConfigurationList = FBF4E0001E6E3EC600A4AB1E /* Build configuration list for PBXProject "Lecture6" */;
			compatibilityVersion = "Xcode 3.2";
			developmentRegion = English;
			hasScannedForEncodings = 0;
			knownRegions = (
				en,
				Base,
			);
			mainGroup = FBF4DFFC1E6E3EC600A4AB1E;
			productRefGroup = FBF4E0061E6E3EC600A4AB1E /* Products */;
			projectDirPath = "";
			projectRoot = "";
			targets = (
				FBF4E0041E6E3EC600A4AB1E /* Lecture6 */,
			);
		};
/* End PBXProject section */

/* Begin PBXResourcesBuildPhase section */
		FBF4E0031E6E3EC600A4AB1E /* Resources */ = {
			isa = PBXResourcesBuildPhase;
			buildActionMask = 2147483647;
			files = (
				FBF4E0131E6E3EC600A4AB1E /* LaunchScreen.storyboard in Resources */,
				FBF4E0101E6E3EC600A4AB1E /* Assets.xcassets in Resources */,
				FBF4E00E1E6E3EC600A4AB1E /* Main.storyboard in Resources */,
			);
			runOnlyForDeploymentPostprocessing = 0;
		};
/* End PBXResourcesBuildPhase section */

/* Begin PBXSourcesBuildPhase section */
		FBF4E0011E6E3EC600A4AB1E /* Sources */ = {
			isa = PBXSourcesBuildPhase;
			buildActionMask = 2147483647;
			files = (
				FBF4E01D1E6E3FFC00A4AB1E /* XView.swift in Sources */,
				FBF4E00B1E6E3EC600A4AB1E /* ViewController.swift in Sources */,
				FBF4E0091E6E3EC600A4AB1E /* AppDelegate.swift in Sources */,
			);
			runOnlyForDeploymentPostprocessing = 0;
		};
/* End PBXSourcesBuildPhase section */

/* Begin PBXVariantGroup section */
		FBF4E00C1E6E3EC600A4AB1E /* Main.storyboard */ = {
			isa = PBXVariantGroup;
			children = (
				FBF4E00D1E6E3EC600A4AB1E /* Base */,
			);
			name = Main.storyboard;
			sourceTree = "<group>";
		};
		FBF4E0111E6E3EC600A4AB1E /* LaunchScreen.storyboard */ = {
			isa = PBXVariantGroup;
			children = (
				FBF4E0121E6E3EC600A4AB1E /* Base */,
			);
			name = LaunchScreen.storyboard;
			sourceTree = "<group>";
		};
/* End PBXVariantGroup section */

/* Begin XCBuildConfiguration section */
		FBF4E0151E6E3EC600A4AB1E /* Debug */ = {
			isa = XCBuildConfiguration;
			buildSettings = {
				ALWAYS_SEARCH_USER_PATHS = NO;
				CLANG_ANALYZER_NONNULL = YES;
				CLANG_CXX_LANGUAGE_STANDARD = "gnu++0x";
				CLANG_CXX_LIBRARY = "libc++";
				CLANG_ENABLE_MODULES = YES;
				CLANG_ENABLE_OBJC_ARC = YES;
				CLANG_WARN_BOOL_CONVERSION = YES;
				CLANG_WARN_CONSTANT_CONVERSION = YES;
				CLANG_WARN_DIRECT_OBJC_ISA_USAGE = YES_ERROR;
				CLANG_WARN_DOCUMENTATION_COMMENTS = YES;
				CLANG_WARN_EMPTY_BODY = YES;
				CLANG_WARN_ENUM_CONVERSION = YES;
				CLANG_WARN_INFINITE_RECURSION = YES;
				CLANG_WARN_INT_CONVERSION = YES;
				CLANG_WARN_OBJC_ROOT_CLASS = YES_ERROR;
				CLANG_WARN_SUSPICIOUS_MOVE = YES;
				CLANG_WARN_UNREACHABLE_CODE = YES;
				CLANG_WARN__DUPLICATE_METHOD_MATCH = YES;
				"CODE_SIGN_IDENTITY[sdk=iphoneos*]" = "iPhone Developer";
				COPY_PHASE_STRIP = NO;
				DEBUG_INFORMATION_FORMAT = dwarf;
				ENABLE_STRICT_OBJC_MSGSEND = YES;
				ENABLE_TESTABILITY = YES;
				GCC_C_LANGUAGE_STANDARD = gnu99;
				GCC_DYNAMIC_NO_PIC = NO;
				GCC_NO_COMMON_BLOCKS = YES;
				GCC_OPTIMIZATION_LEVEL = 0;
				GCC_PREPROCESSOR_DEFINITIONS = (
					"DEBUG=1",
					"$(inherited)",
				);
				GCC_WARN_64_TO_32_BIT_CONVERSION = YES;
				GCC_WARN_ABOUT_RETURN_TYPE = YES_ERROR;
				GCC_WARN_UNDECLARED_SELECTOR = YES;
				GCC_WARN_UNINITIALIZED_AUTOS = YES_AGGRESSIVE;
				GCC_WARN_UNUSED_FUNCTION = YES;
				GCC_WARN_UNUSED_VARIABLE = YES;
				IPHONEOS_DEPLOYMENT_TARGET = 10.2;
				MTL_ENABLE_DEBUG_INFO = YES;
				ONLY_ACTIVE_ARCH = YES;
				SDKROOT = iphoneos;
				SWIFT_ACTIVE_COMPILATION_CONDITIONS = DEBUG;
				SWIFT_OPTIMIZATION_LEVEL = "-Onone";
				TARGETED_DEVICE_FAMILY = "1,2";
			};
			name = Debug;
		};
		FBF4E0161E6E3EC600A4AB1E /* Release */ = {
			isa = XCBuildConfiguration;
			buildSettings = {
				ALWAYS_SEARCH_USER_PATHS = NO;
				CLANG_ANALYZER_NONNULL = YES;
				CLANG_CXX_LANGUAGE_STANDARD = "gnu++0x";
				CLANG_CXX_LIBRARY = "libc++";
				CLANG_ENABLE_MODULES = YES;
				CLANG_ENABLE_OBJC_ARC = YES;
				CLANG_WARN_BOOL_CONVERSION = YES;
				CLANG_WARN_CONSTANT_CONVERSION = YES;
				CLANG_WARN_DIRECT_OBJC_ISA_USAGE = YES_ERROR;
				CLANG_WARN_DOCUMENTATION_COMMENTS = YES;
				CLANG_WARN_EMPTY_BODY = YES;
				CLANG_WARN_ENUM_CONVERSION = YES;
				CLANG_WARN_INFINITE_RECURSION = YES;
				CLANG_WARN_INT_CONVERSION = YES;
				CLANG_WARN_OBJC_ROOT_CLASS = YES_ERROR;
				CLANG_WARN_SUSPICIOUS_MOVE = YES;
				CLANG_WARN_UNREACHABLE_CODE = YES;
				CLANG_WARN__DUPLICATE_METHOD_MATCH = YES;
				"CODE_SIGN_IDENTITY[sdk=iphoneos*]" = "iPhone Developer";
				COPY_PHASE_STRIP = NO;
				DEBUG_INFORMATION_FORMAT = "dwarf-with-dsym";
				ENABLE_NS_ASSERTIONS = NO;
				ENABLE_STRICT_OBJC_MSGSEND = YES;
				GCC_C_LANGUAGE_STANDARD = gnu99;
				GCC_NO_COMMON_BLOCKS = YES;
				GCC_WARN_64_TO_32_BIT_CONVERSION = YES;
				GCC_WARN_ABOUT_RETURN_TYPE = YES_ERROR;
				GCC_WARN_UNDECLARED_SELECTOR = YES;
				GCC_WARN_UNINITIALIZED_AUTOS = YES_AGGRESSIVE;
				GCC_WARN_UNUSED_FUNCTION = YES;
				GCC_WARN_UNUSED_VARIABLE = YES;
				IPHONEOS_DEPLOYMENT_TARGET = 10.2;
				MTL_ENABLE_DEBUG_INFO = NO;
				SDKROOT = iphoneos;
				SWIFT_OPTIMIZATION_LEVEL = "-Owholemodule";
				TARGETED_DEVICE_FAMILY = "1,2";
				VALIDATE_PRODUCT = YES;
			};
			name = Release;
		};
		FBF4E0181E6E3EC600A4AB1E /* Debug */ = {
			isa = XCBuildConfiguration;
			buildSettings = {
				ASSETCATALOG_COMPILER_APPICON_NAME = AppIcon;
				DEVELOPMENT_TEAM = NK39MWSLZJ;
				INFOPLIST_FILE = Lecture6/Info.plist;
				LD_RUNPATH_SEARCH_PATHS = "$(inherited) @executable_path/Frameworks";
				PRODUCT_BUNDLE_IDENTIFIER = edu.harvard.e65g.Lecture6;
				PRODUCT_NAME = "$(TARGET_NAME)";
				SWIFT_VERSION = 3.0;
			};
			name = Debug;
		};
		FBF4E0191E6E3EC600A4AB1E /* Release */ = {
			isa = XCBuildConfiguration;
			buildSettings = {
				ASSETCATALOG_COMPILER_APPICON_NAME = AppIcon;
				DEVELOPMENT_TEAM = NK39MWSLZJ;
				INFOPLIST_FILE = Lecture6/Info.plist;
				LD_RUNPATH_SEARCH_PATHS = "$(inherited) @executable_path/Frameworks";
				PRODUCT_BUNDLE_IDENTIFIER = edu.harvard.e65g.Lecture6;
				PRODUCT_NAME = "$(TARGET_NAME)";
				SWIFT_VERSION = 3.0;
			};
			name = Release;
		};
/* End XCBuildConfiguration section */

/* Begin XCConfigurationList section */
		FBF4E0001E6E3EC600A4AB1E /* Build configuration list for PBXProject "Lecture6" */ = {
			isa = XCConfigurationList;
			buildConfigurations = (
				FBF4E0151E6E3EC600A4AB1E /* Debug */,
				FBF4E0161E6E3EC600A4AB1E /* Release */,
			);
			defaultConfigurationIsVisible = 0;
			defaultConfigurationName = Release;
		};
		FBF4E0171E6E3EC600A4AB1E /* Build configuration list for PBXNativeTarget "Lecture6" */ = {
			isa = XCConfigurationList;
			buildConfigurations = (
				FBF4E0181E6E3EC600A4AB1E /* Debug */,
				FBF4E0191E6E3EC600A4AB1E /* Release */,
			);
			defaultConfigurationIsVisible = 0;
		};
/* End XCConfigurationList section */
	};
	rootObject = FBF4DFFD1E6E3EC600A4AB1E /* Project object */;
}
