// !$*UTF8*$!
{
	archiveVersion = 1;
	classes = {
	};
	objectVersion = 46;
	objects = {

/* Begin PBXBuildFile section */
		FBDB28C01EAECCF100143C00 /* AppDelegate.swift in Sources */ = {isa = PBXBuildFile; fileRef = FBDB28BF1EAECCF100143C00 /* AppDelegate.swift */; };
		FBDB28C21EAECCF100143C00 /* ViewController.swift in Sources */ = {isa = PBXBuildFile; fileRef = FBDB28C11EAECCF100143C00 /* ViewController.swift */; };
		FBDB28C51EAECCF200143C00 /* Main.storyboard in Resources */ = {isa = PBXBuildFile; fileRef = FBDB28C31EAECCF200143C00 /* Main.storyboard */; };
		FBDB28C71EAECCF200143C00 /* Assets.xcassets in Resources */ = {isa = PBXBuildFile; fileRef = FBDB28C61EAECCF200143C00 /* Assets.xcassets */; };
		FBDB28CA1EAECCF200143C00 /* LaunchScreen.storyboard in Resources */ = {isa = PBXBuildFile; fileRef = FBDB28C81EAECCF200143C00 /* LaunchScreen.storyboard */; };
		FBDB28D21EAECFE600143C00 /* Fetcher.swift in Sources */ = {isa = PBXBuildFile; fileRef = FBDB28D11EAECFE600143C00 /* Fetcher.swift */; };
/* End PBXBuildFile section */

/* Begin PBXFileReference section */
		FBDB28BC1EAECCF100143C00 /* Lecture12.app */ = {isa = PBXFileReference; explicitFileType = wrapper.application; includeInIndex = 0; path = Lecture12.app; sourceTree = BUILT_PRODUCTS_DIR; };
		FBDB28BF1EAECCF100143C00 /* AppDelegate.swift */ = {isa = PBXFileReference; lastKnownFileType = sourcecode.swift; path = AppDelegate.swift; sourceTree = "<group>"; };
		FBDB28C11EAECCF100143C00 /* ViewController.swift */ = {isa = PBXFileReference; lastKnownFileType = sourcecode.swift; path = ViewController.swift; sourceTree = "<group>"; };
		FBDB28C41EAECCF200143C00 /* Base */ = {isa = PBXFileReference; lastKnownFileType = file.storyboard; name = Base; path = Base.lproj/Main.storyboard; sourceTree = "<group>"; };
		FBDB28C61EAECCF200143C00 /* Assets.xcassets */ = {isa = PBXFileReference; lastKnownFileType = folder.assetcatalog; path = Assets.xcassets; sourceTree = "<group>"; };
		FBDB28C91EAECCF200143C00 /* Base */ = {isa = PBXFileReference; lastKnownFileType = file.storyboard; name = Base; path = Base.lproj/LaunchScreen.storyboard; sourceTree = "<group>"; };
		FBDB28CB1EAECCF200143C00 /* Info.plist */ = {isa = PBXFileReference; lastKnownFileType = text.plist.xml; path = Info.plist; sourceTree = "<group>"; };
		FBDB28D11EAECFE600143C00 /* Fetcher.swift */ = {isa = PBXFileReference; fileEncoding = 4; lastKnownFileType = sourcecode.swift; path = Fetcher.swift; sourceTree = "<group>"; };
/* End PBXFileReference section */

/* Begin PBXFrameworksBuildPhase section */
		FBDB28B91EAECCF100143C00 /* Frameworks */ = {
			isa = PBXFrameworksBuildPhase;
			buildActionMask = 2147483647;
			files = (
			);
			runOnlyForDeploymentPostprocessing = 0;
		};
/* End PBXFrameworksBuildPhase section */

/* Begin PBXGroup section */
		FBDB28B31EAECCF100143C00 = {
			isa = PBXGroup;
			children = (
				FBDB28BE1EAECCF100143C00 /* Lecture12 */,
				FBDB28BD1EAECCF100143C00 /* Products */,
			);
			sourceTree = "<group>";
		};
		FBDB28BD1EAECCF100143C00 /* Products */ = {
			isa = PBXGroup;
			children = (
				FBDB28BC1EAECCF100143C00 /* Lecture12.app */,
			);
			name = Products;
			sourceTree = "<group>";
		};
		FBDB28BE1EAECCF100143C00 /* Lecture12 */ = {
			isa = PBXGroup;
			children = (
				FBDB28BF1EAECCF100143C00 /* AppDelegate.swift */,
				FBDB28C11EAECCF100143C00 /* ViewController.swift */,
				FBDB28C31EAECCF200143C00 /* Main.storyboard */,
				FBDB28C61EAECCF200143C00 /* Assets.xcassets */,
				FBDB28C81EAECCF200143C00 /* LaunchScreen.storyboard */,
				FBDB28CB1EAECCF200143C00 /* Info.plist */,
				FBDB28D11EAECFE600143C00 /* Fetcher.swift */,
			);
			path = Lecture12;
			sourceTree = "<group>";
		};
/* End PBXGroup section */

/* Begin PBXNativeTarget section */
		FBDB28BB1EAECCF100143C00 /* Lecture12 */ = {
			isa = PBXNativeTarget;
			buildConfigurationList = FBDB28CE1EAECCF200143C00 /* Build configuration list for PBXNativeTarget "Lecture12" */;
			buildPhases = (
				FBDB28B81EAECCF100143C00 /* Sources */,
				FBDB28B91EAECCF100143C00 /* Frameworks */,
				FBDB28BA1EAECCF100143C00 /* Resources */,
			);
			buildRules = (
			);
			dependencies = (
			);
			name = Lecture12;
			productName = Lecture12;
			productReference = FBDB28BC1EAECCF100143C00 /* Lecture12.app */;
			productType = "com.apple.product-type.application";
		};
/* End PBXNativeTarget section */

/* Begin PBXProject section */
		FBDB28B41EAECCF100143C00 /* Project object */ = {
			isa = PBXProject;
			attributes = {
				LastSwiftUpdateCheck = 0830;
				LastUpgradeCheck = 0830;
				ORGANIZATIONNAME = "Harvard University";
				TargetAttributes = {
					FBDB28BB1EAECCF100143C00 = {
						CreatedOnToolsVersion = 8.3.2;
						DevelopmentTeam = NK39MWSLZJ;
						ProvisioningStyle = Automatic;
					};
				};
			};
			buildConfigurationList = FBDB28B71EAECCF100143C00 /* Build configuration list for PBXProject "Lecture12" */;
			compatibilityVersion = "Xcode 3.2";
			developmentRegion = English;
			hasScannedForEncodings = 0;
			knownRegions = (
				en,
				Base,
			);
			mainGroup = FBDB28B31EAECCF100143C00;
			productRefGroup = FBDB28BD1EAECCF100143C00 /* Products */;
			projectDirPath = "";
			projectRoot = "";
			targets = (
				FBDB28BB1EAECCF100143C00 /* Lecture12 */,
			);
		};
/* End PBXProject section */

/* Begin PBXResourcesBuildPhase section */
		FBDB28BA1EAECCF100143C00 /* Resources */ = {
			isa = PBXResourcesBuildPhase;
			buildActionMask = 2147483647;
			files = (
				FBDB28CA1EAECCF200143C00 /* LaunchScreen.storyboard in Resources */,
				FBDB28C71EAECCF200143C00 /* Assets.xcassets in Resources */,
				FBDB28C51EAECCF200143C00 /* Main.storyboard in Resources */,
			);
			runOnlyForDeploymentPostprocessing = 0;
		};
/* End PBXResourcesBuildPhase section */

/* Begin PBXSourcesBuildPhase section */
		FBDB28B81EAECCF100143C00 /* Sources */ = {
			isa = PBXSourcesBuildPhase;
			buildActionMask = 2147483647;
			files = (
				FBDB28C21EAECCF100143C00 /* ViewController.swift in Sources */,
				FBDB28C01EAECCF100143C00 /* AppDelegate.swift in Sources */,
				FBDB28D21EAECFE600143C00 /* Fetcher.swift in Sources */,
			);
			runOnlyForDeploymentPostprocessing = 0;
		};
/* End PBXSourcesBuildPhase section */

/* Begin PBXVariantGroup section */
		FBDB28C31EAECCF200143C00 /* Main.storyboard */ = {
			isa = PBXVariantGroup;
			children = (
				FBDB28C41EAECCF200143C00 /* Base */,
			);
			name = Main.storyboard;
			sourceTree = "<group>";
		};
		FBDB28C81EAECCF200143C00 /* LaunchScreen.storyboard */ = {
			isa = PBXVariantGroup;
			children = (
				FBDB28C91EAECCF200143C00 /* Base */,
			);
			name = LaunchScreen.storyboard;
			sourceTree = "<group>";
		};
/* End PBXVariantGroup section */

/* Begin XCBuildConfiguration section */
		FBDB28CC1EAECCF200143C00 /* Debug */ = {
			isa = XCBuildConfiguration;
			buildSettings = {
				ALWAYS_SEARCH_USER_PATHS = NO;
				CLANG_ANALYZER_NONNULL = YES;
				CLANG_ANALYZER_NUMBER_OBJECT_CONVERSION = YES_AGGRESSIVE;
				CLANG_CXX_LANGUAGE_STANDARD = "gnu++0x";
				CLANG_CXX_LIBRARY = "libc++";
				CLANG_ENABLE_MODULES = YES;
				CLANG_ENABLE_OBJC_ARC = YES;
				CLANG_WARN_BOOL_CONVERSION = YES;
				CLANG_WARN_CONSTANT_CONVERSION = YES;
				CLANG_WARN_DIRECT_OBJC_ISA_USAGE = YES_ERROR;
				CLANG_WARN_DOCUMENTATION_COMMENTS = YES;
				CLANG_WARN_EMPTY_BODY = YES;
				CLANG_WARN_ENUM_CONVERSION = YES;
				CLANG_WARN_INFINITE_RECURSION = YES;
				CLANG_WARN_INT_CONVERSION = YES;
				CLANG_WARN_OBJC_ROOT_CLASS = YES_ERROR;
				CLANG_WARN_SUSPICIOUS_MOVE = YES;
				CLANG_WARN_UNREACHABLE_CODE = YES;
				CLANG_WARN__DUPLICATE_METHOD_MATCH = YES;
				"CODE_SIGN_IDENTITY[sdk=iphoneos*]" = "iPhone Developer";
				COPY_PHASE_STRIP = NO;
				DEBUG_INFORMATION_FORMAT = dwarf;
				ENABLE_STRICT_OBJC_MSGSEND = YES;
				ENABLE_TESTABILITY = YES;
				GCC_C_LANGUAGE_STANDARD = gnu99;
				GCC_DYNAMIC_NO_PIC = NO;
				GCC_NO_COMMON_BLOCKS = YES;
				GCC_OPTIMIZATION_LEVEL = 0;
				GCC_PREPROCESSOR_DEFINITIONS = (
					"DEBUG=1",
					"$(inherited)",
				);
				GCC_WARN_64_TO_32_BIT_CONVERSION = YES;
				GCC_WARN_ABOUT_RETURN_TYPE = YES_ERROR;
				GCC_WARN_UNDECLARED_SELECTOR = YES;
				GCC_WARN_UNINITIALIZED_AUTOS = YES_AGGRESSIVE;
				GCC_WARN_UNUSED_FUNCTION = YES;
				GCC_WARN_UNUSED_VARIABLE = YES;
				IPHONEOS_DEPLOYMENT_TARGET = 10.3;
				MTL_ENABLE_DEBUG_INFO = YES;
				ONLY_ACTIVE_ARCH = YES;
				SDKROOT = iphoneos;
				SWIFT_ACTIVE_COMPILATION_CONDITIONS = DEBUG;
				SWIFT_OPTIMIZATION_LEVEL = "-Onone";
				TARGETED_DEVICE_FAMILY = "1,2";
			};
			name = Debug;
		};
		FBDB28CD1EAECCF200143C00 /* Release */ = {
			isa = XCBuildConfiguration;
			buildSettings = {
				ALWAYS_SEARCH_USER_PATHS = NO;
				CLANG_ANALYZER_NONNULL = YES;
				CLANG_ANALYZER_NUMBER_OBJECT_CONVERSION = YES_AGGRESSIVE;
				CLANG_CXX_LANGUAGE_STANDARD = "gnu++0x";
				CLANG_CXX_LIBRARY = "libc++";
				CLANG_ENABLE_MODULES = YES;
				CLANG_ENABLE_OBJC_ARC = YES;
				CLANG_WARN_BOOL_CONVERSION = YES;
				CLANG_WARN_CONSTANT_CONVERSION = YES;
				CLANG_WARN_DIRECT_OBJC_ISA_USAGE = YES_ERROR;
				CLANG_WARN_DOCUMENTATION_COMMENTS = YES;
				CLANG_WARN_EMPTY_BODY = YES;
				CLANG_WARN_ENUM_CONVERSION = YES;
				CLANG_WARN_INFINITE_RECURSION = YES;
				CLANG_WARN_INT_CONVERSION = YES;
				CLANG_WARN_OBJC_ROOT_CLASS = YES_ERROR;
				CLANG_WARN_SUSPICIOUS_MOVE = YES;
				CLANG_WARN_UNREACHABLE_CODE = YES;
				CLANG_WARN__DUPLICATE_METHOD_MATCH = YES;
				"CODE_SIGN_IDENTITY[sdk=iphoneos*]" = "iPhone Developer";
				COPY_PHASE_STRIP = NO;
				DEBUG_INFORMATION_FORMAT = "dwarf-with-dsym";
				ENABLE_NS_ASSERTIONS = NO;
				ENABLE_STRICT_OBJC_MSGSEND = YES;
				GCC_C_LANGUAGE_STANDARD = gnu99;
				GCC_NO_COMMON_BLOCKS = YES;
				GCC_WARN_64_TO_32_BIT_CONVERSION = YES;
				GCC_WARN_ABOUT_RETURN_TYPE = YES_ERROR;
				GCC_WARN_UNDECLARED_SELECTOR = YES;
				GCC_WARN_UNINITIALIZED_AUTOS = YES_AGGRESSIVE;
				GCC_WARN_UNUSED_FUNCTION = YES;
				GCC_WARN_UNUSED_VARIABLE = YES;
				IPHONEOS_DEPLOYMENT_TARGET = 10.3;
				MTL_ENABLE_DEBUG_INFO = NO;
				SDKROOT = iphoneos;
				SWIFT_OPTIMIZATION_LEVEL = "-Owholemodule";
				TARGETED_DEVICE_FAMILY = "1,2";
				VALIDATE_PRODUCT = YES;
			};
			name = Release;
		};
		FBDB28CF1EAECCF200143C00 /* Debug */ = {
			isa = XCBuildConfiguration;
			buildSettings = {
				ASSETCATALOG_COMPILER_APPICON_NAME = AppIcon;
				DEVELOPMENT_TEAM = NK39MWSLZJ;
				INFOPLIST_FILE = Lecture12/Info.plist;
				LD_RUNPATH_SEARCH_PATHS = "$(inherited) @executable_path/Frameworks";
				PRODUCT_BUNDLE_IDENTIFIER = edu.harvard.e65g.Lecture12;
				PRODUCT_NAME = "$(TARGET_NAME)";
				SWIFT_VERSION = 3.0;
			};
			name = Debug;
		};
		FBDB28D01EAECCF200143C00 /* Release */ = {
			isa = XCBuildConfiguration;
			buildSettings = {
				ASSETCATALOG_COMPILER_APPICON_NAME = AppIcon;
				DEVELOPMENT_TEAM = NK39MWSLZJ;
				INFOPLIST_FILE = Lecture12/Info.plist;
				LD_RUNPATH_SEARCH_PATHS = "$(inherited) @executable_path/Frameworks";
				PRODUCT_BUNDLE_IDENTIFIER = edu.harvard.e65g.Lecture12;
				PRODUCT_NAME = "$(TARGET_NAME)";
				SWIFT_VERSION = 3.0;
			};
			name = Release;
		};
/* End XCBuildConfiguration section */

/* Begin XCConfigurationList section */
		FBDB28B71EAECCF100143C00 /* Build configuration list for PBXProject "Lecture12" */ = {
			isa = XCConfigurationList;
			buildConfigurations = (
				FBDB28CC1EAECCF200143C00 /* Debug */,
				FBDB28CD1EAECCF200143C00 /* Release */,
			);
			defaultConfigurationIsVisible = 0;
			defaultConfigurationName = Release;
		};
		FBDB28CE1EAECCF200143C00 /* Build configuration list for PBXNativeTarget "Lecture12" */ = {
			isa = XCConfigurationList;
			buildConfigurations = (
				FBDB28CF1EAECCF200143C00 /* Debug */,
				FBDB28D01EAECCF200143C00 /* Release */,
			);
			defaultConfigurationIsVisible = 0;
		};
/* End XCConfigurationList section */
	};
	rootObject = FBDB28B41EAECCF100143C00 /* Project object */;
}
